// !$*UTF8*$!
{
	archiveVersion = 1;
	classes = {
	};
	objectVersion = 46;
	objects = {

/* Begin PBXBuildFile section */
		57FEA4B81CBA51A2003E52B6 /* main.m in Sources */ = {isa = PBXBuildFile; fileRef = 57FEA4B71CBA51A2003E52B6 /* main.m */; };
		57FEA4BB1CBA51A2003E52B6 /* AppDelegate.m in Sources */ = {isa = PBXBuildFile; fileRef = 57FEA4BA1CBA51A2003E52B6 /* AppDelegate.m */; };
		57FEA4BE1CBA51A2003E52B6 /* ViewController.m in Sources */ = {isa = PBXBuildFile; fileRef = 57FEA4BD1CBA51A2003E52B6 /* ViewController.m */; };
		57FEA4C11CBA51A2003E52B6 /* Main.storyboard in Resources */ = {isa = PBXBuildFile; fileRef = 57FEA4BF1CBA51A2003E52B6 /* Main.storyboard */; };
		57FEA4C31CBA51A2003E52B6 /* Assets.xcassets in Resources */ = {isa = PBXBuildFile; fileRef = 57FEA4C21CBA51A2003E52B6 /* Assets.xcassets */; };
		57FEA4C61CBA51A2003E52B6 /* LaunchScreen.storyboard in Resources */ = {isa = PBXBuildFile; fileRef = 57FEA4C41CBA51A2003E52B6 /* LaunchScreen.storyboard */; };
		57FEA4D11CBA51A2003E52B6 /* WUCycleScrollViewTests.m in Sources */ = {isa = PBXBuildFile; fileRef = 57FEA4D01CBA51A2003E52B6 /* WUCycleScrollViewTests.m */; };
		57FEA4DC1CBA51A2003E52B6 /* WUCycleScrollViewUITests.m in Sources */ = {isa = PBXBuildFile; fileRef = 57FEA4DB1CBA51A2003E52B6 /* WUCycleScrollViewUITests.m */; };
		57FEA4EC1CBA51D0003E52B6 /* WUCycleScrollView.m in Sources */ = {isa = PBXBuildFile; fileRef = 57FEA4EB1CBA51D0003E52B6 /* WUCycleScrollView.m */; };
		57FEA50F1CBA54EE003E52B6 /* MKAnnotationView+WebCache.m in Sources */ = {isa = PBXBuildFile; fileRef = 57FEA4EF1CBA54EE003E52B6 /* MKAnnotationView+WebCache.m */; };
		57FEA5101CBA54EE003E52B6 /* NSData+ImageContentType.m in Sources */ = {isa = PBXBuildFile; fileRef = 57FEA4F11CBA54EE003E52B6 /* NSData+ImageContentType.m */; };
		57FEA5111CBA54EE003E52B6 /* SDImageCache.m in Sources */ = {isa = PBXBuildFile; fileRef = 57FEA4F31CBA54EE003E52B6 /* SDImageCache.m */; };
		57FEA5121CBA54EE003E52B6 /* SDWebImageCompat.m in Sources */ = {isa = PBXBuildFile; fileRef = 57FEA4F51CBA54EE003E52B6 /* SDWebImageCompat.m */; };
		57FEA5131CBA54EE003E52B6 /* SDWebImageDecoder.m in Sources */ = {isa = PBXBuildFile; fileRef = 57FEA4F71CBA54EE003E52B6 /* SDWebImageDecoder.m */; };
		57FEA5141CBA54EE003E52B6 /* SDWebImageDownloader.m in Sources */ = {isa = PBXBuildFile; fileRef = 57FEA4F91CBA54EE003E52B6 /* SDWebImageDownloader.m */; };
		57FEA5151CBA54EE003E52B6 /* SDWebImageDownloaderOperation.m in Sources */ = {isa = PBXBuildFile; fileRef = 57FEA4FB1CBA54EE003E52B6 /* SDWebImageDownloaderOperation.m */; };
		57FEA5161CBA54EE003E52B6 /* SDWebImageManager.m in Sources */ = {isa = PBXBuildFile; fileRef = 57FEA4FD1CBA54EE003E52B6 /* SDWebImageManager.m */; };
		57FEA5171CBA54EE003E52B6 /* SDWebImagePrefetcher.m in Sources */ = {isa = PBXBuildFile; fileRef = 57FEA5001CBA54EE003E52B6 /* SDWebImagePrefetcher.m */; };
		57FEA5181CBA54EE003E52B6 /* UIButton+WebCache.m in Sources */ = {isa = PBXBuildFile; fileRef = 57FEA5021CBA54EE003E52B6 /* UIButton+WebCache.m */; };
		57FEA5191CBA54EE003E52B6 /* UIImage+GIF.m in Sources */ = {isa = PBXBuildFile; fileRef = 57FEA5041CBA54EE003E52B6 /* UIImage+GIF.m */; };
		57FEA51A1CBA54EE003E52B6 /* UIImage+MultiFormat.m in Sources */ = {isa = PBXBuildFile; fileRef = 57FEA5061CBA54EE003E52B6 /* UIImage+MultiFormat.m */; };
		57FEA51B1CBA54EE003E52B6 /* UIImage+WebP.m in Sources */ = {isa = PBXBuildFile; fileRef = 57FEA5081CBA54EE003E52B6 /* UIImage+WebP.m */; };
		57FEA51C1CBA54EE003E52B6 /* UIImageView+HighlightedWebCache.m in Sources */ = {isa = PBXBuildFile; fileRef = 57FEA50A1CBA54EE003E52B6 /* UIImageView+HighlightedWebCache.m */; };
		57FEA51D1CBA54EE003E52B6 /* UIImageView+WebCache.m in Sources */ = {isa = PBXBuildFile; fileRef = 57FEA50C1CBA54EE003E52B6 /* UIImageView+WebCache.m */; };
		57FEA51E1CBA54EE003E52B6 /* UIView+WebCacheOperation.m in Sources */ = {isa = PBXBuildFile; fileRef = 57FEA50E1CBA54EE003E52B6 /* UIView+WebCacheOperation.m */; };
/* End PBXBuildFile section */

/* Begin PBXContainerItemProxy section */
		57FEA4CD1CBA51A2003E52B6 /* PBXContainerItemProxy */ = {
			isa = PBXContainerItemProxy;
			containerPortal = 57FEA4AB1CBA51A2003E52B6 /* Project object */;
			proxyType = 1;
			remoteGlobalIDString = 57FEA4B21CBA51A2003E52B6;
			remoteInfo = WUCycleScrollView;
		};
		57FEA4D81CBA51A2003E52B6 /* PBXContainerItemProxy */ = {
			isa = PBXContainerItemProxy;
			containerPortal = 57FEA4AB1CBA51A2003E52B6 /* Project object */;
			proxyType = 1;
			remoteGlobalIDString = 57FEA4B21CBA51A2003E52B6;
			remoteInfo = WUCycleScrollView;
		};
/* End PBXContainerItemProxy section */

/* Begin PBXFileReference section */
		57FEA4B31CBA51A2003E52B6 /* WUCycleScrollView.app */ = {isa = PBXFileReference; explicitFileType = wrapper.application; includeInIndex = 0; path = WUCycleScrollView.app; sourceTree = BUILT_PRODUCTS_DIR; };
		57FEA4B71CBA51A2003E52B6 /* main.m */ = {isa = PBXFileReference; lastKnownFileType = sourcecode.c.objc; path = main.m; sourceTree = "<group>"; };
		57FEA4B91CBA51A2003E52B6 /* AppDelegate.h */ = {isa = PBXFileReference; lastKnownFileType = sourcecode.c.h; path = AppDelegate.h; sourceTree = "<group>"; };
		57FEA4BA1CBA51A2003E52B6 /* AppDelegate.m */ = {isa = PBXFileReference; lastKnownFileType = sourcecode.c.objc; path = AppDelegate.m; sourceTree = "<group>"; };
		57FEA4BC1CBA51A2003E52B6 /* ViewController.h */ = {isa = PBXFileReference; lastKnownFileType = sourcecode.c.h; path = ViewController.h; sourceTree = "<group>"; };
		57FEA4BD1CBA51A2003E52B6 /* ViewController.m */ = {isa = PBXFileReference; lastKnownFileType = sourcecode.c.objc; path = ViewController.m; sourceTree = "<group>"; };
		57FEA4C01CBA51A2003E52B6 /* Base */ = {isa = PBXFileReference; lastKnownFileType = file.storyboard; name = Base; path = Base.lproj/Main.storyboard; sourceTree = "<group>"; };
		57FEA4C21CBA51A2003E52B6 /* Assets.xcassets */ = {isa = PBXFileReference; lastKnownFileType = folder.assetcatalog; path = Assets.xcassets; sourceTree = "<group>"; };
		57FEA4C51CBA51A2003E52B6 /* Base */ = {isa = PBXFileReference; lastKnownFileType = file.storyboard; name = Base; path = Base.lproj/LaunchScreen.storyboard; sourceTree = "<group>"; };
		57FEA4C71CBA51A2003E52B6 /* Info.plist */ = {isa = PBXFileReference; lastKnownFileType = text.plist.xml; path = Info.plist; sourceTree = "<group>"; };
		57FEA4CC1CBA51A2003E52B6 /* WUCycleScrollViewTests.xctest */ = {isa = PBXFileReference; explicitFileType = wrapper.cfbundle; includeInIndex = 0; path = WUCycleScrollViewTests.xctest; sourceTree = BUILT_PRODUCTS_DIR; };
		57FEA4D01CBA51A2003E52B6 /* WUCycleScrollViewTests.m */ = {isa = PBXFileReference; lastKnownFileType = sourcecode.c.objc; path = WUCycleScrollViewTests.m; sourceTree = "<group>"; };
		57FEA4D21CBA51A2003E52B6 /* Info.plist */ = {isa = PBXFileReference; lastKnownFileType = text.plist.xml; path = Info.plist; sourceTree = "<group>"; };
		57FEA4D71CBA51A2003E52B6 /* WUCycleScrollViewUITests.xctest */ = {isa = PBXFileReference; explicitFileType = wrapper.cfbundle; includeInIndex = 0; path = WUCycleScrollViewUITests.xctest; sourceTree = BUILT_PRODUCTS_DIR; };
		57FEA4DB1CBA51A2003E52B6 /* WUCycleScrollViewUITests.m */ = {isa = PBXFileReference; lastKnownFileType = sourcecode.c.objc; path = WUCycleScrollViewUITests.m; sourceTree = "<group>"; };
		57FEA4DD1CBA51A2003E52B6 /* Info.plist */ = {isa = PBXFileReference; lastKnownFileType = text.plist.xml; path = Info.plist; sourceTree = "<group>"; };
		57FEA4EA1CBA51D0003E52B6 /* WUCycleScrollView.h */ = {isa = PBXFileReference; fileEncoding = 4; lastKnownFileType = sourcecode.c.h; path = WUCycleScrollView.h; sourceTree = "<group>"; };
		57FEA4EB1CBA51D0003E52B6 /* WUCycleScrollView.m */ = {isa = PBXFileReference; fileEncoding = 4; lastKnownFileType = sourcecode.c.objc; path = WUCycleScrollView.m; sourceTree = "<group>"; };
		57FEA4EE1CBA54EE003E52B6 /* MKAnnotationView+WebCache.h */ = {isa = PBXFileReference; fileEncoding = 4; lastKnownFileType = sourcecode.c.h; path = "MKAnnotationView+WebCache.h"; sourceTree = "<group>"; };
		57FEA4EF1CBA54EE003E52B6 /* MKAnnotationView+WebCache.m */ = {isa = PBXFileReference; fileEncoding = 4; lastKnownFileType = sourcecode.c.objc; path = "MKAnnotationView+WebCache.m"; sourceTree = "<group>"; };
		57FEA4F01CBA54EE003E52B6 /* NSData+ImageContentType.h */ = {isa = PBXFileReference; fileEncoding = 4; lastKnownFileType = sourcecode.c.h; path = "NSData+ImageContentType.h"; sourceTree = "<group>"; };
		57FEA4F11CBA54EE003E52B6 /* NSData+ImageContentType.m */ = {isa = PBXFileReference; fileEncoding = 4; lastKnownFileType = sourcecode.c.objc; path = "NSData+ImageContentType.m"; sourceTree = "<group>"; };
		57FEA4F21CBA54EE003E52B6 /* SDImageCache.h */ = {isa = PBXFileReference; fileEncoding = 4; lastKnownFileType = sourcecode.c.h; path = SDImageCache.h; sourceTree = "<group>"; };
		57FEA4F31CBA54EE003E52B6 /* SDImageCache.m */ = {isa = PBXFileReference; fileEncoding = 4; lastKnownFileType = sourcecode.c.objc; path = SDImageCache.m; sourceTree = "<group>"; };
		57FEA4F41CBA54EE003E52B6 /* SDWebImageCompat.h */ = {isa = PBXFileReference; fileEncoding = 4; lastKnownFileType = sourcecode.c.h; path = SDWebImageCompat.h; sourceTree = "<group>"; };
		57FEA4F51CBA54EE003E52B6 /* SDWebImageCompat.m */ = {isa = PBXFileReference; fileEncoding = 4; lastKnownFileType = sourcecode.c.objc; path = SDWebImageCompat.m; sourceTree = "<group>"; };
		57FEA4F61CBA54EE003E52B6 /* SDWebImageDecoder.h */ = {isa = PBXFileReference; fileEncoding = 4; lastKnownFileType = sourcecode.c.h; path = SDWebImageDecoder.h; sourceTree = "<group>"; };
		57FEA4F71CBA54EE003E52B6 /* SDWebImageDecoder.m */ = {isa = PBXFileReference; fileEncoding = 4; lastKnownFileType = sourcecode.c.objc; path = SDWebImageDecoder.m; sourceTree = "<group>"; };
		57FEA4F81CBA54EE003E52B6 /* SDWebImageDownloader.h */ = {isa = PBXFileReference; fileEncoding = 4; lastKnownFileType = sourcecode.c.h; path = SDWebImageDownloader.h; sourceTree = "<group>"; };
		57FEA4F91CBA54EE003E52B6 /* SDWebImageDownloader.m */ = {isa = PBXFileReference; fileEncoding = 4; lastKnownFileType = sourcecode.c.objc; path = SDWebImageDownloader.m; sourceTree = "<group>"; };
		57FEA4FA1CBA54EE003E52B6 /* SDWebImageDownloaderOperation.h */ = {isa = PBXFileReference; fileEncoding = 4; lastKnownFileType = sourcecode.c.h; path = SDWebImageDownloaderOperation.h; sourceTree = "<group>"; };
		57FEA4FB1CBA54EE003E52B6 /* SDWebImageDownloaderOperation.m */ = {isa = PBXFileReference; fileEncoding = 4; lastKnownFileType = sourcecode.c.objc; path = SDWebImageDownloaderOperation.m; sourceTree = "<group>"; };
		57FEA4FC1CBA54EE003E52B6 /* SDWebImageManager.h */ = {isa = PBXFileReference; fileEncoding = 4; lastKnownFileType = sourcecode.c.h; path = SDWebImageManager.h; sourceTree = "<group>"; };
		57FEA4FD1CBA54EE003E52B6 /* SDWebImageManager.m */ = {isa = PBXFileReference; fileEncoding = 4; lastKnownFileType = sourcecode.c.objc; path = SDWebImageManager.m; sourceTree = "<group>"; };
		57FEA4FE1CBA54EE003E52B6 /* SDWebImageOperation.h */ = {isa = PBXFileReference; fileEncoding = 4; lastKnownFileType = sourcecode.c.h; path = SDWebImageOperation.h; sourceTree = "<group>"; };
		57FEA4FF1CBA54EE003E52B6 /* SDWebImagePrefetcher.h */ = {isa = PBXFileReference; fileEncoding = 4; lastKnownFileType = sourcecode.c.h; path = SDWebImagePrefetcher.h; sourceTree = "<group>"; };
		57FEA5001CBA54EE003E52B6 /* SDWebImagePrefetcher.m */ = {isa = PBXFileReference; fileEncoding = 4; lastKnownFileType = sourcecode.c.objc; path = SDWebImagePrefetcher.m; sourceTree = "<group>"; };
		57FEA5011CBA54EE003E52B6 /* UIButton+WebCache.h */ = {isa = PBXFileReference; fileEncoding = 4; lastKnownFileType = sourcecode.c.h; path = "UIButton+WebCache.h"; sourceTree = "<group>"; };
		57FEA5021CBA54EE003E52B6 /* UIButton+WebCache.m */ = {isa = PBXFileReference; fileEncoding = 4; lastKnownFileType = sourcecode.c.objc; path = "UIButton+WebCache.m"; sourceTree = "<group>"; };
		57FEA5031CBA54EE003E52B6 /* UIImage+GIF.h */ = {isa = PBXFileReference; fileEncoding = 4; lastKnownFileType = sourcecode.c.h; path = "UIImage+GIF.h"; sourceTree = "<group>"; };
		57FEA5041CBA54EE003E52B6 /* UIImage+GIF.m */ = {isa = PBXFileReference; fileEncoding = 4; lastKnownFileType = sourcecode.c.objc; path = "UIImage+GIF.m"; sourceTree = "<group>"; };
		57FEA5051CBA54EE003E52B6 /* UIImage+MultiFormat.h */ = {isa = PBXFileReference; fileEncoding = 4; lastKnownFileType = sourcecode.c.h; path = "UIImage+MultiFormat.h"; sourceTree = "<group>"; };
		57FEA5061CBA54EE003E52B6 /* UIImage+MultiFormat.m */ = {isa = PBXFileReference; fileEncoding = 4; lastKnownFileType = sourcecode.c.objc; path = "UIImage+MultiFormat.m"; sourceTree = "<group>"; };
		57FEA5071CBA54EE003E52B6 /* UIImage+WebP.h */ = {isa = PBXFileReference; fileEncoding = 4; lastKnownFileType = sourcecode.c.h; path = "UIImage+WebP.h"; sourceTree = "<group>"; };
		57FEA5081CBA54EE003E52B6 /* UIImage+WebP.m */ = {isa = PBXFileReference; fileEncoding = 4; lastKnownFileType = sourcecode.c.objc; path = "UIImage+WebP.m"; sourceTree = "<group>"; };
		57FEA5091CBA54EE003E52B6 /* UIImageView+HighlightedWebCache.h */ = {isa = PBXFileReference; fileEncoding = 4; lastKnownFileType = sourcecode.c.h; path = "UIImageView+HighlightedWebCache.h"; sourceTree = "<group>"; };
		57FEA50A1CBA54EE003E52B6 /* UIImageView+HighlightedWebCache.m */ = {isa = PBXFileReference; fileEncoding = 4; lastKnownFileType = sourcecode.c.objc; path = "UIImageView+HighlightedWebCache.m"; sourceTree = "<group>"; };
		57FEA50B1CBA54EE003E52B6 /* UIImageView+WebCache.h */ = {isa = PBXFileReference; fileEncoding = 4; lastKnownFileType = sourcecode.c.h; path = "UIImageView+WebCache.h"; sourceTree = "<group>"; };
		57FEA50C1CBA54EE003E52B6 /* UIImageView+WebCache.m */ = {isa = PBXFileReference; fileEncoding = 4; lastKnownFileType = sourcecode.c.objc; path = "UIImageView+WebCache.m"; sourceTree = "<group>"; };
		57FEA50D1CBA54EE003E52B6 /* UIView+WebCacheOperation.h */ = {isa = PBXFileReference; fileEncoding = 4; lastKnownFileType = sourcecode.c.h; path = "UIView+WebCacheOperation.h"; sourceTree = "<group>"; };
		57FEA50E1CBA54EE003E52B6 /* UIView+WebCacheOperation.m */ = {isa = PBXFileReference; fileEncoding = 4; lastKnownFileType = sourcecode.c.objc; path = "UIView+WebCacheOperation.m"; sourceTree = "<group>"; };
/* End PBXFileReference section */

/* Begin PBXFrameworksBuildPhase section */
		57FEA4B01CBA51A2003E52B6 /* Frameworks */ = {
			isa = PBXFrameworksBuildPhase;
			buildActionMask = 2147483647;
			files = (
			);
			runOnlyForDeploymentPostprocessing = 0;
		};
		57FEA4C91CBA51A2003E52B6 /* Frameworks */ = {
			isa = PBXFrameworksBuildPhase;
			buildActionMask = 2147483647;
			files = (
			);
			runOnlyForDeploymentPostprocessing = 0;
		};
		57FEA4D41CBA51A2003E52B6 /* Frameworks */ = {
			isa = PBXFrameworksBuildPhase;
			buildActionMask = 2147483647;
			files = (
			);
			runOnlyForDeploymentPostprocessing = 0;
		};
/* End PBXFrameworksBuildPhase section */

/* Begin PBXGroup section */
		57FEA4AA1CBA51A2003E52B6 = {
			isa = PBXGroup;
			children = (
				57FEA4B51CBA51A2003E52B6 /* WUCycleScrollView */,
				57FEA4CF1CBA51A2003E52B6 /* WUCycleScrollViewTests */,
				57FEA4DA1CBA51A2003E52B6 /* WUCycleScrollViewUITests */,
				57FEA4B41CBA51A2003E52B6 /* Products */,
			);
			sourceTree = "<group>";
		};
		57FEA4B41CBA51A2003E52B6 /* Products */ = {
			isa = PBXGroup;
			children = (
				57FEA4B31CBA51A2003E52B6 /* WUCycleScrollView.app */,
				57FEA4CC1CBA51A2003E52B6 /* WUCycleScrollViewTests.xctest */,
				57FEA4D71CBA51A2003E52B6 /* WUCycleScrollViewUITests.xctest */,
			);
			name = Products;
			sourceTree = "<group>";
		};
		57FEA4B51CBA51A2003E52B6 /* WUCycleScrollView */ = {
			isa = PBXGroup;
			children = (
				57FEA4ED1CBA54EE003E52B6 /* SDWebImage */,
				57FEA4E91CBA51BF003E52B6 /* WUCycleScrollView */,
				57FEA4B91CBA51A2003E52B6 /* AppDelegate.h */,
				57FEA4BA1CBA51A2003E52B6 /* AppDelegate.m */,
				57FEA4BC1CBA51A2003E52B6 /* ViewController.h */,
				57FEA4BD1CBA51A2003E52B6 /* ViewController.m */,
				57FEA4BF1CBA51A2003E52B6 /* Main.storyboard */,
				57FEA4C21CBA51A2003E52B6 /* Assets.xcassets */,
				57FEA4C41CBA51A2003E52B6 /* LaunchScreen.storyboard */,
				57FEA4C71CBA51A2003E52B6 /* Info.plist */,
				57FEA4B61CBA51A2003E52B6 /* Supporting Files */,
			);
			path = WUCycleScrollView;
			sourceTree = "<group>";
		};
		57FEA4B61CBA51A2003E52B6 /* Supporting Files */ = {
			isa = PBXGroup;
			children = (
				57FEA4B71CBA51A2003E52B6 /* main.m */,
			);
			name = "Supporting Files";
			sourceTree = "<group>";
		};
		57FEA4CF1CBA51A2003E52B6 /* WUCycleScrollViewTests */ = {
			isa = PBXGroup;
			children = (
				57FEA4D01CBA51A2003E52B6 /* WUCycleScrollViewTests.m */,
				57FEA4D21CBA51A2003E52B6 /* Info.plist */,
			);
			path = WUCycleScrollViewTests;
			sourceTree = "<group>";
		};
		57FEA4DA1CBA51A2003E52B6 /* WUCycleScrollViewUITests */ = {
			isa = PBXGroup;
			children = (
				57FEA4DB1CBA51A2003E52B6 /* WUCycleScrollViewUITests.m */,
				57FEA4DD1CBA51A2003E52B6 /* Info.plist */,
			);
			path = WUCycleScrollViewUITests;
			sourceTree = "<group>";
		};
		57FEA4E91CBA51BF003E52B6 /* WUCycleScrollView */ = {
			isa = PBXGroup;
			children = (
				57FEA4EA1CBA51D0003E52B6 /* WUCycleScrollView.h */,
				57FEA4EB1CBA51D0003E52B6 /* WUCycleScrollView.m */,
			);
			path = WUCycleScrollView;
			sourceTree = "<group>";
		};
		57FEA4ED1CBA54EE003E52B6 /* SDWebImage */ = {
			isa = PBXGroup;
			children = (
				57FEA4EE1CBA54EE003E52B6 /* MKAnnotationView+WebCache.h */,
				57FEA4EF1CBA54EE003E52B6 /* MKAnnotationView+WebCache.m */,
				57FEA4F01CBA54EE003E52B6 /* NSData+ImageContentType.h */,
				57FEA4F11CBA54EE003E52B6 /* NSData+ImageContentType.m */,
				57FEA4F21CBA54EE003E52B6 /* SDImageCache.h */,
				57FEA4F31CBA54EE003E52B6 /* SDImageCache.m */,
				57FEA4F41CBA54EE003E52B6 /* SDWebImageCompat.h */,
				57FEA4F51CBA54EE003E52B6 /* SDWebImageCompat.m */,
				57FEA4F61CBA54EE003E52B6 /* SDWebImageDecoder.h */,
				57FEA4F71CBA54EE003E52B6 /* SDWebImageDecoder.m */,
				57FEA4F81CBA54EE003E52B6 /* SDWebImageDownloader.h */,
				57FEA4F91CBA54EE003E52B6 /* SDWebImageDownloader.m */,
				57FEA4FA1CBA54EE003E52B6 /* SDWebImageDownloaderOperation.h */,
				57FEA4FB1CBA54EE003E52B6 /* SDWebImageDownloaderOperation.m */,
				57FEA4FC1CBA54EE003E52B6 /* SDWebImageManager.h */,
				57FEA4FD1CBA54EE003E52B6 /* SDWebImageManager.m */,
				57FEA4FE1CBA54EE003E52B6 /* SDWebImageOperation.h */,
				57FEA4FF1CBA54EE003E52B6 /* SDWebImagePrefetcher.h */,
				57FEA5001CBA54EE003E52B6 /* SDWebImagePrefetcher.m */,
				57FEA5011CBA54EE003E52B6 /* UIButton+WebCache.h */,
				57FEA5021CBA54EE003E52B6 /* UIButton+WebCache.m */,
				57FEA5031CBA54EE003E52B6 /* UIImage+GIF.h */,
				57FEA5041CBA54EE003E52B6 /* UIImage+GIF.m */,
				57FEA5051CBA54EE003E52B6 /* UIImage+MultiFormat.h */,
				57FEA5061CBA54EE003E52B6 /* UIImage+MultiFormat.m */,
				57FEA5071CBA54EE003E52B6 /* UIImage+WebP.h */,
				57FEA5081CBA54EE003E52B6 /* UIImage+WebP.m */,
				57FEA5091CBA54EE003E52B6 /* UIImageView+HighlightedWebCache.h */,
				57FEA50A1CBA54EE003E52B6 /* UIImageView+HighlightedWebCache.m */,
				57FEA50B1CBA54EE003E52B6 /* UIImageView+WebCache.h */,
				57FEA50C1CBA54EE003E52B6 /* UIImageView+WebCache.m */,
				57FEA50D1CBA54EE003E52B6 /* UIView+WebCacheOperation.h */,
				57FEA50E1CBA54EE003E52B6 /* UIView+WebCacheOperation.m */,
			);
			path = SDWebImage;
			sourceTree = "<group>";
		};
/* End PBXGroup section */

/* Begin PBXNativeTarget section */
		57FEA4B21CBA51A2003E52B6 /* WUCycleScrollView */ = {
			isa = PBXNativeTarget;
			buildConfigurationList = 57FEA4E01CBA51A2003E52B6 /* Build configuration list for PBXNativeTarget "WUCycleScrollView" */;
			buildPhases = (
				57FEA4AF1CBA51A2003E52B6 /* Sources */,
				57FEA4B01CBA51A2003E52B6 /* Frameworks */,
				57FEA4B11CBA51A2003E52B6 /* Resources */,
			);
			buildRules = (
			);
			dependencies = (
			);
			name = WUCycleScrollView;
			productName = WUCycleScrollView;
			productReference = 57FEA4B31CBA51A2003E52B6 /* WUCycleScrollView.app */;
			productType = "com.apple.product-type.application";
		};
		57FEA4CB1CBA51A2003E52B6 /* WUCycleScrollViewTests */ = {
			isa = PBXNativeTarget;
			buildConfigurationList = 57FEA4E31CBA51A2003E52B6 /* Build configuration list for PBXNativeTarget "WUCycleScrollViewTests" */;
			buildPhases = (
				57FEA4C81CBA51A2003E52B6 /* Sources */,
				57FEA4C91CBA51A2003E52B6 /* Frameworks */,
				57FEA4CA1CBA51A2003E52B6 /* Resources */,
			);
			buildRules = (
			);
			dependencies = (
				57FEA4CE1CBA51A2003E52B6 /* PBXTargetDependency */,
			);
			name = WUCycleScrollViewTests;
			productName = WUCycleScrollViewTests;
			productReference = 57FEA4CC1CBA51A2003E52B6 /* WUCycleScrollViewTests.xctest */;
			productType = "com.apple.product-type.bundle.unit-test";
		};
		57FEA4D61CBA51A2003E52B6 /* WUCycleScrollViewUITests */ = {
			isa = PBXNativeTarget;
			buildConfigurationList = 57FEA4E61CBA51A2003E52B6 /* Build configuration list for PBXNativeTarget "WUCycleScrollViewUITests" */;
			buildPhases = (
				57FEA4D31CBA51A2003E52B6 /* Sources */,
				57FEA4D41CBA51A2003E52B6 /* Frameworks */,
				57FEA4D51CBA51A2003E52B6 /* Resources */,
			);
			buildRules = (
			);
			dependencies = (
				57FEA4D91CBA51A2003E52B6 /* PBXTargetDependency */,
			);
			name = WUCycleScrollViewUITests;
			productName = WUCycleScrollViewUITests;
			productReference = 57FEA4D71CBA51A2003E52B6 /* WUCycleScrollViewUITests.xctest */;
			productType = "com.apple.product-type.bundle.ui-testing";
		};
/* End PBXNativeTarget section */

/* Begin PBXProject section */
		57FEA4AB1CBA51A2003E52B6 /* Project object */ = {
			isa = PBXProject;
			attributes = {
				LastUpgradeCheck = 0730;
				ORGANIZATIONNAME = "吴启晗";
				TargetAttributes = {
					57FEA4B21CBA51A2003E52B6 = {
						CreatedOnToolsVersion = 7.3;
					};
					57FEA4CB1CBA51A2003E52B6 = {
						CreatedOnToolsVersion = 7.3;
						TestTargetID = 57FEA4B21CBA51A2003E52B6;
					};
					57FEA4D61CBA51A2003E52B6 = {
						CreatedOnToolsVersion = 7.3;
						TestTargetID = 57FEA4B21CBA51A2003E52B6;
					};
				};
			};
			buildConfigurationList = 57FEA4AE1CBA51A2003E52B6 /* Build configuration list for PBXProject "WUCycleScrollView" */;
			compatibilityVersion = "Xcode 3.2";
			developmentRegion = English;
			hasScannedForEncodings = 0;
			knownRegions = (
				en,
				Base,
			);
			mainGroup = 57FEA4AA1CBA51A2003E52B6;
			productRefGroup = 57FEA4B41CBA51A2003E52B6 /* Products */;
			projectDirPath = "";
			projectRoot = "";
			targets = (
				57FEA4B21CBA51A2003E52B6 /* WUCycleScrollView */,
				57FEA4CB1CBA51A2003E52B6 /* WUCycleScrollViewTests */,
				57FEA4D61CBA51A2003E52B6 /* WUCycleScrollViewUITests */,
			);
		};
/* End PBXProject section */

/* Begin PBXResourcesBuildPhase section */
		57FEA4B11CBA51A2003E52B6 /* Resources */ = {
			isa = PBXResourcesBuildPhase;
			buildActionMask = 2147483647;
			files = (
				57FEA4C61CBA51A2003E52B6 /* LaunchScreen.storyboard in Resources */,
				57FEA4C31CBA51A2003E52B6 /* Assets.xcassets in Resources */,
				57FEA4C11CBA51A2003E52B6 /* Main.storyboard in Resources */,
			);
			runOnlyForDeploymentPostprocessing = 0;
		};
		57FEA4CA1CBA51A2003E52B6 /* Resources */ = {
			isa = PBXResourcesBuildPhase;
			buildActionMask = 2147483647;
			files = (
			);
			runOnlyForDeploymentPostprocessing = 0;
		};
		57FEA4D51CBA51A2003E52B6 /* Resources */ = {
			isa = PBXResourcesBuildPhase;
			buildActionMask = 2147483647;
			files = (
			);
			runOnlyForDeploymentPostprocessing = 0;
		};
/* End PBXResourcesBuildPhase section */

/* Begin PBXSourcesBuildPhase section */
		57FEA4AF1CBA51A2003E52B6 /* Sources */ = {
			isa = PBXSourcesBuildPhase;
			buildActionMask = 2147483647;
			files = (
				57FEA51C1CBA54EE003E52B6 /* UIImageView+HighlightedWebCache.m in Sources */,
				57FEA51A1CBA54EE003E52B6 /* UIImage+MultiFormat.m in Sources */,
				57FEA5151CBA54EE003E52B6 /* SDWebImageDownloaderOperation.m in Sources */,
				57FEA4EC1CBA51D0003E52B6 /* WUCycleScrollView.m in Sources */,
				57FEA5121CBA54EE003E52B6 /* SDWebImageCompat.m in Sources */,
				57FEA5191CBA54EE003E52B6 /* UIImage+GIF.m in Sources */,
				57FEA5171CBA54EE003E52B6 /* SDWebImagePrefetcher.m in Sources */,
				57FEA4BE1CBA51A2003E52B6 /* ViewController.m in Sources */,
				57FEA4BB1CBA51A2003E52B6 /* AppDelegate.m in Sources */,
				57FEA51B1CBA54EE003E52B6 /* UIImage+WebP.m in Sources */,
				57FEA51D1CBA54EE003E52B6 /* UIImageView+WebCache.m in Sources */,
				57FEA5141CBA54EE003E52B6 /* SDWebImageDownloader.m in Sources */,
				57FEA51E1CBA54EE003E52B6 /* UIView+WebCacheOperation.m in Sources */,
				57FEA5181CBA54EE003E52B6 /* UIButton+WebCache.m in Sources */,
				57FEA50F1CBA54EE003E52B6 /* MKAnnotationView+WebCache.m in Sources */,
				57FEA5101CBA54EE003E52B6 /* NSData+ImageContentType.m in Sources */,
				57FEA4B81CBA51A2003E52B6 /* main.m in Sources */,
				57FEA5161CBA54EE003E52B6 /* SDWebImageManager.m in Sources */,
				57FEA5131CBA54EE003E52B6 /* SDWebImageDecoder.m in Sources */,
				57FEA5111CBA54EE003E52B6 /* SDImageCache.m in Sources */,
			);
			runOnlyForDeploymentPostprocessing = 0;
		};
		57FEA4C81CBA51A2003E52B6 /* Sources */ = {
			isa = PBXSourcesBuildPhase;
			buildActionMask = 2147483647;
			files = (
				57FEA4D11CBA51A2003E52B6 /* WUCycleScrollViewTests.m in Sources */,
			);
			runOnlyForDeploymentPostprocessing = 0;
		};
		57FEA4D31CBA51A2003E52B6 /* Sources */ = {
			isa = PBXSourcesBuildPhase;
			buildActionMask = 2147483647;
			files = (
				57FEA4DC1CBA51A2003E52B6 /* WUCycleScrollViewUITests.m in Sources */,
			);
			runOnlyForDeploymentPostprocessing = 0;
		};
/* End PBXSourcesBuildPhase section */

/* Begin PBXTargetDependency section */
		57FEA4CE1CBA51A2003E52B6 /* PBXTargetDependency */ = {
			isa = PBXTargetDependency;
			target = 57FEA4B21CBA51A2003E52B6 /* WUCycleScrollView */;
			targetProxy = 57FEA4CD1CBA51A2003E52B6 /* PBXContainerItemProxy */;
		};
		57FEA4D91CBA51A2003E52B6 /* PBXTargetDependency */ = {
			isa = PBXTargetDependency;
			target = 57FEA4B21CBA51A2003E52B6 /* WUCycleScrollView */;
			targetProxy = 57FEA4D81CBA51A2003E52B6 /* PBXContainerItemProxy */;
		};
/* End PBXTargetDependency section */

/* Begin PBXVariantGroup section */
		57FEA4BF1CBA51A2003E52B6 /* Main.storyboard */ = {
			isa = PBXVariantGroup;
			children = (
				57FEA4C01CBA51A2003E52B6 /* Base */,
			);
			name = Main.storyboard;
			sourceTree = "<group>";
		};
		57FEA4C41CBA51A2003E52B6 /* LaunchScreen.storyboard */ = {
			isa = PBXVariantGroup;
			children = (
				57FEA4C51CBA51A2003E52B6 /* Base */,
			);
			name = LaunchScreen.storyboard;
			sourceTree = "<group>";
		};
/* End PBXVariantGroup section */

/* Begin XCBuildConfiguration section */
		57FEA4DE1CBA51A2003E52B6 /* Debug */ = {
			isa = XCBuildConfiguration;
			buildSettings = {
				ALWAYS_SEARCH_USER_PATHS = NO;
				CLANG_ANALYZER_NONNULL = YES;
				CLANG_CXX_LANGUAGE_STANDARD = "gnu++0x";
				CLANG_CXX_LIBRARY = "libc++";
				CLANG_ENABLE_MODULES = YES;
				CLANG_ENABLE_OBJC_ARC = YES;
				CLANG_WARN_BOOL_CONVERSION = YES;
				CLANG_WARN_CONSTANT_CONVERSION = YES;
				CLANG_WARN_DIRECT_OBJC_ISA_USAGE = YES_ERROR;
				CLANG_WARN_EMPTY_BODY = YES;
				CLANG_WARN_ENUM_CONVERSION = YES;
				CLANG_WARN_INT_CONVERSION = YES;
				CLANG_WARN_OBJC_ROOT_CLASS = YES_ERROR;
				CLANG_WARN_UNREACHABLE_CODE = YES;
				CLANG_WARN__DUPLICATE_METHOD_MATCH = YES;
				"CODE_SIGN_IDENTITY[sdk=iphoneos*]" = "iPhone Developer";
				COPY_PHASE_STRIP = NO;
				DEBUG_INFORMATION_FORMAT = dwarf;
				ENABLE_STRICT_OBJC_MSGSEND = YES;
				ENABLE_TESTABILITY = YES;
				GCC_C_LANGUAGE_STANDARD = gnu99;
				GCC_DYNAMIC_NO_PIC = NO;
				GCC_NO_COMMON_BLOCKS = YES;
				GCC_OPTIMIZATION_LEVEL = 0;
				GCC_PREPROCESSOR_DEFINITIONS = (
					"DEBUG=1",
					"$(inherited)",
				);
				GCC_WARN_64_TO_32_BIT_CONVERSION = YES;
				GCC_WARN_ABOUT_RETURN_TYPE = YES_ERROR;
				GCC_WARN_UNDECLARED_SELECTOR = YES;
				GCC_WARN_UNINITIALIZED_AUTOS = YES_AGGRESSIVE;
				GCC_WARN_UNUSED_FUNCTION = YES;
				GCC_WARN_UNUSED_VARIABLE = YES;
				IPHONEOS_DEPLOYMENT_TARGET = 9.3;
				MTL_ENABLE_DEBUG_INFO = YES;
				ONLY_ACTIVE_ARCH = YES;
				SDKROOT = iphoneos;
				TARGETED_DEVICE_FAMILY = "1,2";
			};
			name = Debug;
		};
		57FEA4DF1CBA51A2003E52B6 /* Release */ = {
			isa = XCBuildConfiguration;
			buildSettings = {
				ALWAYS_SEARCH_USER_PATHS = NO;
				CLANG_ANALYZER_NONNULL = YES;
				CLANG_CXX_LANGUAGE_STANDARD = "gnu++0x";
				CLANG_CXX_LIBRARY = "libc++";
				CLANG_ENABLE_MODULES = YES;
				CLANG_ENABLE_OBJC_ARC = YES;
				CLANG_WARN_BOOL_CONVERSION = YES;
				CLANG_WARN_CONSTANT_CONVERSION = YES;
				CLANG_WARN_DIRECT_OBJC_ISA_USAGE = YES_ERROR;
				CLANG_WARN_EMPTY_BODY = YES;
				CLANG_WARN_ENUM_CONVERSION = YES;
				CLANG_WARN_INT_CONVERSION = YES;
				CLANG_WARN_OBJC_ROOT_CLASS = YES_ERROR;
				CLANG_WARN_UNREACHABLE_CODE = YES;
				CLANG_WARN__DUPLICATE_METHOD_MATCH = YES;
				"CODE_SIGN_IDENTITY[sdk=iphoneos*]" = "iPhone Developer";
				COPY_PHASE_STRIP = NO;
				DEBUG_INFORMATION_FORMAT = "dwarf-with-dsym";
				ENABLE_NS_ASSERTIONS = NO;
				ENABLE_STRICT_OBJC_MSGSEND = YES;
				GCC_C_LANGUAGE_STANDARD = gnu99;
				GCC_NO_COMMON_BLOCKS = YES;
				GCC_WARN_64_TO_32_BIT_CONVERSION = YES;
				GCC_WARN_ABOUT_RETURN_TYPE = YES_ERROR;
				GCC_WARN_UNDECLARED_SELECTOR = YES;
				GCC_WARN_UNINITIALIZED_AUTOS = YES_AGGRESSIVE;
				GCC_WARN_UNUSED_FUNCTION = YES;
				GCC_WARN_UNUSED_VARIABLE = YES;
				IPHONEOS_DEPLOYMENT_TARGET = 9.3;
				MTL_ENABLE_DEBUG_INFO = NO;
				SDKROOT = iphoneos;
				TARGETED_DEVICE_FAMILY = "1,2";
				VALIDATE_PRODUCT = YES;
			};
			name = Release;
		};
		57FEA4E11CBA51A2003E52B6 /* Debug */ = {
			isa = XCBuildConfiguration;
			buildSettings = {
				ASSETCATALOG_COMPILER_APPICON_NAME = AppIcon;
				INFOPLIST_FILE = WUCycleScrollView/Info.plist;
				LD_RUNPATH_SEARCH_PATHS = "$(inherited) @executable_path/Frameworks";
				PRODUCT_BUNDLE_IDENTIFIER = com.wuqh.WUCycleScrollView;
				PRODUCT_NAME = "$(TARGET_NAME)";
			};
			name = Debug;
		};
		57FEA4E21CBA51A2003E52B6 /* Release */ = {
			isa = XCBuildConfiguration;
			buildSettings = {
				ASSETCATALOG_COMPILER_APPICON_NAME = AppIcon;
				INFOPLIST_FILE = WUCycleScrollView/Info.plist;
				LD_RUNPATH_SEARCH_PATHS = "$(inherited) @executable_path/Frameworks";
				PRODUCT_BUNDLE_IDENTIFIER = com.wuqh.WUCycleScrollView;
				PRODUCT_NAME = "$(TARGET_NAME)";
			};
			name = Release;
		};
		57FEA4E41CBA51A2003E52B6 /* Debug */ = {
			isa = XCBuildConfiguration;
			buildSettings = {
				BUNDLE_LOADER = "$(TEST_HOST)";
				INFOPLIST_FILE = WUCycleScrollViewTests/Info.plist;
				LD_RUNPATH_SEARCH_PATHS = "$(inherited) @executable_path/Frameworks @loader_path/Frameworks";
				PRODUCT_BUNDLE_IDENTIFIER = com.wuqh.WUCycleScrollViewTests;
				PRODUCT_NAME = "$(TARGET_NAME)";
				TEST_HOST = "$(BUILT_PRODUCTS_DIR)/WUCycleScrollView.app/WUCycleScrollView";
			};
			name = Debug;
		};
		57FEA4E51CBA51A2003E52B6 /* Release */ = {
			isa = XCBuildConfiguration;
			buildSettings = {
				BUNDLE_LOADER = "$(TEST_HOST)";
				INFOPLIST_FILE = WUCycleScrollViewTests/Info.plist;
				LD_RUNPATH_SEARCH_PATHS = "$(inherited) @executable_path/Frameworks @loader_path/Frameworks";
				PRODUCT_BUNDLE_IDENTIFIER = com.wuqh.WUCycleScrollViewTests;
				PRODUCT_NAME = "$(TARGET_NAME)";
				TEST_HOST = "$(BUILT_PRODUCTS_DIR)/WUCycleScrollView.app/WUCycleScrollView";
			};
			name = Release;
		};
		57FEA4E71CBA51A2003E52B6 /* Debug */ = {
			isa = XCBuildConfiguration;
			buildSettings = {
				INFOPLIST_FILE = WUCycleScrollViewUITests/Info.plist;
				LD_RUNPATH_SEARCH_PATHS = "$(inherited) @executable_path/Frameworks @loader_path/Frameworks";
				PRODUCT_BUNDLE_IDENTIFIER = com.wuqh.WUCycleScrollViewUITests;
				PRODUCT_NAME = "$(TARGET_NAME)";
				TEST_TARGET_NAME = WUCycleScrollView;
			};
			name = Debug;
		};
		57FEA4E81CBA51A2003E52B6 /* Release */ = {
			isa = XCBuildConfiguration;
			buildSettings = {
				INFOPLIST_FILE = WUCycleScrollViewUITests/Info.plist;
				LD_RUNPATH_SEARCH_PATHS = "$(inherited) @executable_path/Frameworks @loader_path/Frameworks";
				PRODUCT_BUNDLE_IDENTIFIER = com.wuqh.WUCycleScrollViewUITests;
				PRODUCT_NAME = "$(TARGET_NAME)";
				TEST_TARGET_NAME = WUCycleScrollView;
			};
			name = Release;
		};
/* End XCBuildConfiguration section */

/* Begin XCConfigurationList section */
		57FEA4AE1CBA51A2003E52B6 /* Build configuration list for PBXProject "WUCycleScrollView" */ = {
			isa = XCConfigurationList;
			buildConfigurations = (
				57FEA4DE1CBA51A2003E52B6 /* Debug */,
				57FEA4DF1CBA51A2003E52B6 /* Release */,
			);
			defaultConfigurationIsVisible = 0;
			defaultConfigurationName = Release;
		};
		57FEA4E01CBA51A2003E52B6 /* Build configuration list for PBXNativeTarget "WUCycleScrollView" */ = {
			isa = XCConfigurationList;
			buildConfigurations = (
				57FEA4E11CBA51A2003E52B6 /* Debug */,
				57FEA4E21CBA51A2003E52B6 /* Release */,
			);
			defaultConfigurationIsVisible = 0;
		};
		57FEA4E31CBA51A2003E52B6 /* Build configuration list for PBXNativeTarget "WUCycleScrollViewTests" */ = {
			isa = XCConfigurationList;
			buildConfigurations = (
				57FEA4E41CBA51A2003E52B6 /* Debug */,
				57FEA4E51CBA51A2003E52B6 /* Release */,
			);
			defaultConfigurationIsVisible = 0;
		};
		57FEA4E61CBA51A2003E52B6 /* Build configuration list for PBXNativeTarget "WUCycleScrollViewUITests" */ = {
			isa = XCConfigurationList;
			buildConfigurations = (
				57FEA4E71CBA51A2003E52B6 /* Debug */,
				57FEA4E81CBA51A2003E52B6 /* Release */,
			);
			defaultConfigurationIsVisible = 0;
		};
/* End XCConfigurationList section */
	};
	rootObject = 57FEA4AB1CBA51A2003E52B6 /* Project object */;
}
